// !$*UTF8*$!
{
	archiveVersion = 1;
	classes = {
	};
	objectVersion = 56;
	objects = {

/* Begin PBXBuildFile section */
		A75E83502A4B88E10020FA7A /* sleepTracker.swift in Sources */ = {isa = PBXBuildFile; fileRef = A75E834F2A4B88E10020FA7A /* sleepTracker.swift */; };
		A7883D0D2A4CCBBD003DB9C1 /* moodTracker.swift in Sources */ = {isa = PBXBuildFile; fileRef = A7883D0C2A4CCBBD003DB9C1 /* moodTracker.swift */; };
		A7883D0F2A4CCBCA003DB9C1 /* toDoList.swift in Sources */ = {isa = PBXBuildFile; fileRef = A7883D0E2A4CCBCA003DB9C1 /* toDoList.swift */; };
		A7883D112A4CCBD7003DB9C1 /* journal.swift in Sources */ = {isa = PBXBuildFile; fileRef = A7883D102A4CCBD7003DB9C1 /* journal.swift */; };
		A7883D1B2A4D57CE003DB9C1 /* Chewy-Regular.ttf in Resources */ = {isa = PBXBuildFile; fileRef = A7883D1A2A4D57CE003DB9C1 /* Chewy-Regular.ttf */; };
		A7883D1C2A4D57CE003DB9C1 /* Chewy-Regular.ttf in Resources */ = {isa = PBXBuildFile; fileRef = A7883D1A2A4D57CE003DB9C1 /* Chewy-Regular.ttf */; };
		A7883D1D2A4D57CE003DB9C1 /* Chewy-Regular.ttf in Resources */ = {isa = PBXBuildFile; fileRef = A7883D1A2A4D57CE003DB9C1 /* Chewy-Regular.ttf */; };
		A7883D272A4D61AA003DB9C1 /* Kollektif.ttf in Resources */ = {isa = PBXBuildFile; fileRef = A7883D262A4D61AA003DB9C1 /* Kollektif.ttf */; };
		A7883D282A4D61AA003DB9C1 /* Kollektif.ttf in Resources */ = {isa = PBXBuildFile; fileRef = A7883D262A4D61AA003DB9C1 /* Kollektif.ttf */; };
		A7883D292A4D61AA003DB9C1 /* Kollektif.ttf in Resources */ = {isa = PBXBuildFile; fileRef = A7883D262A4D61AA003DB9C1 /* Kollektif.ttf */; };
		A7A79D122A4A1329002FC0F9 /* track4meApp.swift in Sources */ = {isa = PBXBuildFile; fileRef = A7A79D112A4A1329002FC0F9 /* track4meApp.swift */; };
		A7A79D142A4A1329002FC0F9 /* ContentView.swift in Sources */ = {isa = PBXBuildFile; fileRef = A7A79D132A4A1329002FC0F9 /* ContentView.swift */; };
		A7A79D162A4A132A002FC0F9 /* Assets.xcassets in Resources */ = {isa = PBXBuildFile; fileRef = A7A79D152A4A132A002FC0F9 /* Assets.xcassets */; };
		A7A79D192A4A132A002FC0F9 /* Preview Assets.xcassets in Resources */ = {isa = PBXBuildFile; fileRef = A7A79D182A4A132A002FC0F9 /* Preview Assets.xcassets */; };
		A7A79D232A4A132A002FC0F9 /* track4meTests.swift in Sources */ = {isa = PBXBuildFile; fileRef = A7A79D222A4A132A002FC0F9 /* track4meTests.swift */; };
		A7A79D2D2A4A132A002FC0F9 /* track4meUITests.swift in Sources */ = {isa = PBXBuildFile; fileRef = A7A79D2C2A4A132A002FC0F9 /* track4meUITests.swift */; };
		A7A79D2F2A4A132A002FC0F9 /* track4meUITestsLaunchTests.swift in Sources */ = {isa = PBXBuildFile; fileRef = A7A79D2E2A4A132A002FC0F9 /* track4meUITestsLaunchTests.swift */; };
/* End PBXBuildFile section */

/* Begin PBXContainerItemProxy section */
		A7A79D1F2A4A132A002FC0F9 /* PBXContainerItemProxy */ = {
			isa = PBXContainerItemProxy;
			containerPortal = A7A79D062A4A1329002FC0F9 /* Project object */;
			proxyType = 1;
			remoteGlobalIDString = A7A79D0D2A4A1329002FC0F9;
			remoteInfo = track4me;
		};
		A7A79D292A4A132A002FC0F9 /* PBXContainerItemProxy */ = {
			isa = PBXContainerItemProxy;
			containerPortal = A7A79D062A4A1329002FC0F9 /* Project object */;
			proxyType = 1;
			remoteGlobalIDString = A7A79D0D2A4A1329002FC0F9;
			remoteInfo = track4me;
		};
/* End PBXContainerItemProxy section */

/* Begin PBXFileReference section */
		A75E834F2A4B88E10020FA7A /* sleepTracker.swift */ = {isa = PBXFileReference; lastKnownFileType = sourcecode.swift; path = sleepTracker.swift; sourceTree = "<group>"; };
		A7883D0C2A4CCBBD003DB9C1 /* moodTracker.swift */ = {isa = PBXFileReference; lastKnownFileType = sourcecode.swift; path = moodTracker.swift; sourceTree = "<group>"; };
		A7883D0E2A4CCBCA003DB9C1 /* toDoList.swift */ = {isa = PBXFileReference; lastKnownFileType = sourcecode.swift; path = toDoList.swift; sourceTree = "<group>"; };
		A7883D102A4CCBD7003DB9C1 /* journal.swift */ = {isa = PBXFileReference; lastKnownFileType = sourcecode.swift; path = journal.swift; sourceTree = "<group>"; };
		A7883D1A2A4D57CE003DB9C1 /* Chewy-Regular.ttf */ = {isa = PBXFileReference; lastKnownFileType = file; path = "Chewy-Regular.ttf"; sourceTree = "<group>"; };
		A7883D1E2A4D58BB003DB9C1 /* Info.plist */ = {isa = PBXFileReference; lastKnownFileType = text.plist; path = Info.plist; sourceTree = "<group>"; };
		A7883D262A4D61AA003DB9C1 /* Kollektif.ttf */ = {isa = PBXFileReference; lastKnownFileType = file; path = Kollektif.ttf; sourceTree = "<group>"; };
		A7A79D0E2A4A1329002FC0F9 /* track4me.app */ = {isa = PBXFileReference; explicitFileType = wrapper.application; includeInIndex = 0; path = track4me.app; sourceTree = BUILT_PRODUCTS_DIR; };
		A7A79D112A4A1329002FC0F9 /* track4meApp.swift */ = {isa = PBXFileReference; lastKnownFileType = sourcecode.swift; path = track4meApp.swift; sourceTree = "<group>"; };
		A7A79D132A4A1329002FC0F9 /* ContentView.swift */ = {isa = PBXFileReference; lastKnownFileType = sourcecode.swift; path = ContentView.swift; sourceTree = "<group>"; };
		A7A79D152A4A132A002FC0F9 /* Assets.xcassets */ = {isa = PBXFileReference; lastKnownFileType = folder.assetcatalog; path = Assets.xcassets; sourceTree = "<group>"; };
		A7A79D182A4A132A002FC0F9 /* Preview Assets.xcassets */ = {isa = PBXFileReference; lastKnownFileType = folder.assetcatalog; path = "Preview Assets.xcassets"; sourceTree = "<group>"; };
		A7A79D1E2A4A132A002FC0F9 /* track4meTests.xctest */ = {isa = PBXFileReference; explicitFileType = wrapper.cfbundle; includeInIndex = 0; path = track4meTests.xctest; sourceTree = BUILT_PRODUCTS_DIR; };
		A7A79D222A4A132A002FC0F9 /* track4meTests.swift */ = {isa = PBXFileReference; lastKnownFileType = sourcecode.swift; path = track4meTests.swift; sourceTree = "<group>"; };
		A7A79D282A4A132A002FC0F9 /* track4meUITests.xctest */ = {isa = PBXFileReference; explicitFileType = wrapper.cfbundle; includeInIndex = 0; path = track4meUITests.xctest; sourceTree = BUILT_PRODUCTS_DIR; };
		A7A79D2C2A4A132A002FC0F9 /* track4meUITests.swift */ = {isa = PBXFileReference; lastKnownFileType = sourcecode.swift; path = track4meUITests.swift; sourceTree = "<group>"; };
		A7A79D2E2A4A132A002FC0F9 /* track4meUITestsLaunchTests.swift */ = {isa = PBXFileReference; lastKnownFileType = sourcecode.swift; path = track4meUITestsLaunchTests.swift; sourceTree = "<group>"; };
/* End PBXFileReference section */

/* Begin PBXFrameworksBuildPhase section */
		A7A79D0B2A4A1329002FC0F9 /* Frameworks */ = {
			isa = PBXFrameworksBuildPhase;
			buildActionMask = 2147483647;
			files = (
			);
			runOnlyForDeploymentPostprocessing = 0;
		};
		A7A79D1B2A4A132A002FC0F9 /* Frameworks */ = {
			isa = PBXFrameworksBuildPhase;
			buildActionMask = 2147483647;
			files = (
			);
			runOnlyForDeploymentPostprocessing = 0;
		};
		A7A79D252A4A132A002FC0F9 /* Frameworks */ = {
			isa = PBXFrameworksBuildPhase;
			buildActionMask = 2147483647;
			files = (
			);
			runOnlyForDeploymentPostprocessing = 0;
		};
/* End PBXFrameworksBuildPhase section */

/* Begin PBXGroup section */
		A7883D192A4D579E003DB9C1 /* Font */ = {
			isa = PBXGroup;
			children = (
				A7883D262A4D61AA003DB9C1 /* Kollektif.ttf */,
				A7883D1A2A4D57CE003DB9C1 /* Chewy-Regular.ttf */,
			);
			path = Font;
			sourceTree = "<group>";
		};
		A7A79D052A4A1329002FC0F9 = {
			isa = PBXGroup;
			children = (
				A7A79D102A4A1329002FC0F9 /* track4me */,
				A7A79D212A4A132A002FC0F9 /* track4meTests */,
				A7A79D2B2A4A132A002FC0F9 /* track4meUITests */,
				A7A79D0F2A4A1329002FC0F9 /* Products */,
			);
			sourceTree = "<group>";
		};
		A7A79D0F2A4A1329002FC0F9 /* Products */ = {
			isa = PBXGroup;
			children = (
				A7A79D0E2A4A1329002FC0F9 /* track4me.app */,
				A7A79D1E2A4A132A002FC0F9 /* track4meTests.xctest */,
				A7A79D282A4A132A002FC0F9 /* track4meUITests.xctest */,
			);
			name = Products;
			sourceTree = "<group>";
		};
		A7A79D102A4A1329002FC0F9 /* track4me */ = {
			isa = PBXGroup;
			children = (
				A7883D1E2A4D58BB003DB9C1 /* Info.plist */,
				A7883D192A4D579E003DB9C1 /* Font */,
				A7A79D112A4A1329002FC0F9 /* track4meApp.swift */,
				A7A79D132A4A1329002FC0F9 /* ContentView.swift */,
				A7883D0C2A4CCBBD003DB9C1 /* moodTracker.swift */,
				A7883D0E2A4CCBCA003DB9C1 /* toDoList.swift */,
				A7883D102A4CCBD7003DB9C1 /* journal.swift */,
				A75E834F2A4B88E10020FA7A /* sleepTracker.swift */,
				A7A79D152A4A132A002FC0F9 /* Assets.xcassets */,
				A7A79D172A4A132A002FC0F9 /* Preview Content */,
			);
			path = track4me;
			sourceTree = "<group>";
		};
		A7A79D172A4A132A002FC0F9 /* Preview Content */ = {
			isa = PBXGroup;
			children = (
				A7A79D182A4A132A002FC0F9 /* Preview Assets.xcassets */,
			);
			path = "Preview Content";
			sourceTree = "<group>";
		};
		A7A79D212A4A132A002FC0F9 /* track4meTests */ = {
			isa = PBXGroup;
			children = (
				A7A79D222A4A132A002FC0F9 /* track4meTests.swift */,
			);
			path = track4meTests;
			sourceTree = "<group>";
		};
		A7A79D2B2A4A132A002FC0F9 /* track4meUITests */ = {
			isa = PBXGroup;
			children = (
				A7A79D2C2A4A132A002FC0F9 /* track4meUITests.swift */,
				A7A79D2E2A4A132A002FC0F9 /* track4meUITestsLaunchTests.swift */,
			);
			path = track4meUITests;
			sourceTree = "<group>";
		};
/* End PBXGroup section */

/* Begin PBXNativeTarget section */
		A7A79D0D2A4A1329002FC0F9 /* track4me */ = {
			isa = PBXNativeTarget;
			buildConfigurationList = A7A79D322A4A132A002FC0F9 /* Build configuration list for PBXNativeTarget "track4me" */;
			buildPhases = (
				A7A79D0A2A4A1329002FC0F9 /* Sources */,
				A7A79D0B2A4A1329002FC0F9 /* Frameworks */,
				A7A79D0C2A4A1329002FC0F9 /* Resources */,
			);
			buildRules = (
			);
			dependencies = (
			);
			name = track4me;
			productName = track4me;
			productReference = A7A79D0E2A4A1329002FC0F9 /* track4me.app */;
			productType = "com.apple.product-type.application";
		};
		A7A79D1D2A4A132A002FC0F9 /* track4meTests */ = {
			isa = PBXNativeTarget;
			buildConfigurationList = A7A79D352A4A132A002FC0F9 /* Build configuration list for PBXNativeTarget "track4meTests" */;
			buildPhases = (
				A7A79D1A2A4A132A002FC0F9 /* Sources */,
				A7A79D1B2A4A132A002FC0F9 /* Frameworks */,
				A7A79D1C2A4A132A002FC0F9 /* Resources */,
			);
			buildRules = (
			);
			dependencies = (
				A7A79D202A4A132A002FC0F9 /* PBXTargetDependency */,
			);
			name = track4meTests;
			productName = track4meTests;
			productReference = A7A79D1E2A4A132A002FC0F9 /* track4meTests.xctest */;
			productType = "com.apple.product-type.bundle.unit-test";
		};
		A7A79D272A4A132A002FC0F9 /* track4meUITests */ = {
			isa = PBXNativeTarget;
			buildConfigurationList = A7A79D382A4A132A002FC0F9 /* Build configuration list for PBXNativeTarget "track4meUITests" */;
			buildPhases = (
				A7A79D242A4A132A002FC0F9 /* Sources */,
				A7A79D252A4A132A002FC0F9 /* Frameworks */,
				A7A79D262A4A132A002FC0F9 /* Resources */,
			);
			buildRules = (
			);
			dependencies = (
				A7A79D2A2A4A132A002FC0F9 /* PBXTargetDependency */,
			);
			name = track4meUITests;
			productName = track4meUITests;
			productReference = A7A79D282A4A132A002FC0F9 /* track4meUITests.xctest */;
			productType = "com.apple.product-type.bundle.ui-testing";
		};
/* End PBXNativeTarget section */

/* Begin PBXProject section */
		A7A79D062A4A1329002FC0F9 /* Project object */ = {
			isa = PBXProject;
			attributes = {
				BuildIndependentTargetsInParallel = 1;
				LastSwiftUpdateCheck = 1430;
				LastUpgradeCheck = 1430;
				TargetAttributes = {
					A7A79D0D2A4A1329002FC0F9 = {
						CreatedOnToolsVersion = 14.3.1;
					};
					A7A79D1D2A4A132A002FC0F9 = {
						CreatedOnToolsVersion = 14.3.1;
						TestTargetID = A7A79D0D2A4A1329002FC0F9;
					};
					A7A79D272A4A132A002FC0F9 = {
						CreatedOnToolsVersion = 14.3.1;
						TestTargetID = A7A79D0D2A4A1329002FC0F9;
					};
				};
			};
			buildConfigurationList = A7A79D092A4A1329002FC0F9 /* Build configuration list for PBXProject "track4me" */;
			compatibilityVersion = "Xcode 14.0";
			developmentRegion = en;
			hasScannedForEncodings = 0;
			knownRegions = (
				en,
				Base,
			);
			mainGroup = A7A79D052A4A1329002FC0F9;
			productRefGroup = A7A79D0F2A4A1329002FC0F9 /* Products */;
			projectDirPath = "";
			projectRoot = "";
			targets = (
				A7A79D0D2A4A1329002FC0F9 /* track4me */,
				A7A79D1D2A4A132A002FC0F9 /* track4meTests */,
				A7A79D272A4A132A002FC0F9 /* track4meUITests */,
			);
		};
/* End PBXProject section */

/* Begin PBXResourcesBuildPhase section */
		A7A79D0C2A4A1329002FC0F9 /* Resources */ = {
			isa = PBXResourcesBuildPhase;
			buildActionMask = 2147483647;
			files = (
				A7883D1B2A4D57CE003DB9C1 /* Chewy-Regular.ttf in Resources */,
				A7A79D192A4A132A002FC0F9 /* Preview Assets.xcassets in Resources */,
				A7883D272A4D61AA003DB9C1 /* Kollektif.ttf in Resources */,
				A7A79D162A4A132A002FC0F9 /* Assets.xcassets in Resources */,
			);
			runOnlyForDeploymentPostprocessing = 0;
		};
		A7A79D1C2A4A132A002FC0F9 /* Resources */ = {
			isa = PBXResourcesBuildPhase;
			buildActionMask = 2147483647;
			files = (
				A7883D282A4D61AA003DB9C1 /* Kollektif.ttf in Resources */,
				A7883D1C2A4D57CE003DB9C1 /* Chewy-Regular.ttf in Resources */,
			);
			runOnlyForDeploymentPostprocessing = 0;
		};
		A7A79D262A4A132A002FC0F9 /* Resources */ = {
			isa = PBXResourcesBuildPhase;
			buildActionMask = 2147483647;
			files = (
				A7883D292A4D61AA003DB9C1 /* Kollektif.ttf in Resources */,
				A7883D1D2A4D57CE003DB9C1 /* Chewy-Regular.ttf in Resources */,
			);
			runOnlyForDeploymentPostprocessing = 0;
		};
/* End PBXResourcesBuildPhase section */

/* Begin PBXSourcesBuildPhase section */
		A7A79D0A2A4A1329002FC0F9 /* Sources */ = {
			isa = PBXSourcesBuildPhase;
			buildActionMask = 2147483647;
			files = (
				A75E83502A4B88E10020FA7A /* sleepTracker.swift in Sources */,
				A7883D112A4CCBD7003DB9C1 /* journal.swift in Sources */,
				A7883D0F2A4CCBCA003DB9C1 /* toDoList.swift in Sources */,
				A7A79D142A4A1329002FC0F9 /* ContentView.swift in Sources */,
				A7A79D122A4A1329002FC0F9 /* track4meApp.swift in Sources */,
				A7883D0D2A4CCBBD003DB9C1 /* moodTracker.swift in Sources */,
			);
			runOnlyForDeploymentPostprocessing = 0;
		};
		A7A79D1A2A4A132A002FC0F9 /* Sources */ = {
			isa = PBXSourcesBuildPhase;
			buildActionMask = 2147483647;
			files = (
				A7A79D232A4A132A002FC0F9 /* track4meTests.swift in Sources */,
			);
			runOnlyForDeploymentPostprocessing = 0;
		};
		A7A79D242A4A132A002FC0F9 /* Sources */ = {
			isa = PBXSourcesBuildPhase;
			buildActionMask = 2147483647;
			files = (
				A7A79D2F2A4A132A002FC0F9 /* track4meUITestsLaunchTests.swift in Sources */,
				A7A79D2D2A4A132A002FC0F9 /* track4meUITests.swift in Sources */,
			);
			runOnlyForDeploymentPostprocessing = 0;
		};
/* End PBXSourcesBuildPhase section */

/* Begin PBXTargetDependency section */
		A7A79D202A4A132A002FC0F9 /* PBXTargetDependency */ = {
			isa = PBXTargetDependency;
			target = A7A79D0D2A4A1329002FC0F9 /* track4me */;
			targetProxy = A7A79D1F2A4A132A002FC0F9 /* PBXContainerItemProxy */;
		};
		A7A79D2A2A4A132A002FC0F9 /* PBXTargetDependency */ = {
			isa = PBXTargetDependency;
			target = A7A79D0D2A4A1329002FC0F9 /* track4me */;
			targetProxy = A7A79D292A4A132A002FC0F9 /* PBXContainerItemProxy */;
		};
/* End PBXTargetDependency section */

/* Begin XCBuildConfiguration section */
		A7A79D302A4A132A002FC0F9 /* Debug */ = {
			isa = XCBuildConfiguration;
			buildSettings = {
				ALWAYS_SEARCH_USER_PATHS = NO;
				CLANG_ANALYZER_NONNULL = YES;
				CLANG_ANALYZER_NUMBER_OBJECT_CONVERSION = YES_AGGRESSIVE;
				CLANG_CXX_LANGUAGE_STANDARD = "gnu++20";
				CLANG_ENABLE_MODULES = YES;
				CLANG_ENABLE_OBJC_ARC = YES;
				CLANG_ENABLE_OBJC_WEAK = YES;
				CLANG_WARN_BLOCK_CAPTURE_AUTORELEASING = YES;
				CLANG_WARN_BOOL_CONVERSION = YES;
				CLANG_WARN_COMMA = YES;
				CLANG_WARN_CONSTANT_CONVERSION = YES;
				CLANG_WARN_DEPRECATED_OBJC_IMPLEMENTATIONS = YES;
				CLANG_WARN_DIRECT_OBJC_ISA_USAGE = YES_ERROR;
				CLANG_WARN_DOCUMENTATION_COMMENTS = YES;
				CLANG_WARN_EMPTY_BODY = YES;
				CLANG_WARN_ENUM_CONVERSION = YES;
				CLANG_WARN_INFINITE_RECURSION = YES;
				CLANG_WARN_INT_CONVERSION = YES;
				CLANG_WARN_NON_LITERAL_NULL_CONVERSION = YES;
				CLANG_WARN_OBJC_IMPLICIT_RETAIN_SELF = YES;
				CLANG_WARN_OBJC_LITERAL_CONVERSION = YES;
				CLANG_WARN_OBJC_ROOT_CLASS = YES_ERROR;
				CLANG_WARN_QUOTED_INCLUDE_IN_FRAMEWORK_HEADER = YES;
				CLANG_WARN_RANGE_LOOP_ANALYSIS = YES;
				CLANG_WARN_STRICT_PROTOTYPES = YES;
				CLANG_WARN_SUSPICIOUS_MOVE = YES;
				CLANG_WARN_UNGUARDED_AVAILABILITY = YES_AGGRESSIVE;
				CLANG_WARN_UNREACHABLE_CODE = YES;
				CLANG_WARN__DUPLICATE_METHOD_MATCH = YES;
				COPY_PHASE_STRIP = NO;
				DEBUG_INFORMATION_FORMAT = dwarf;
				ENABLE_STRICT_OBJC_MSGSEND = YES;
				ENABLE_TESTABILITY = YES;
				GCC_C_LANGUAGE_STANDARD = gnu11;
				GCC_DYNAMIC_NO_PIC = NO;
				GCC_NO_COMMON_BLOCKS = YES;
				GCC_OPTIMIZATION_LEVEL = 0;
				GCC_PREPROCESSOR_DEFINITIONS = (
					"DEBUG=1",
					"$(inherited)",
				);
				GCC_WARN_64_TO_32_BIT_CONVERSION = YES;
				GCC_WARN_ABOUT_RETURN_TYPE = YES_ERROR;
				GCC_WARN_UNDECLARED_SELECTOR = YES;
				GCC_WARN_UNINITIALIZED_AUTOS = YES_AGGRESSIVE;
				GCC_WARN_UNUSED_FUNCTION = YES;
				GCC_WARN_UNUSED_VARIABLE = YES;
				IPHONEOS_DEPLOYMENT_TARGET = 16.4;
				MTL_ENABLE_DEBUG_INFO = INCLUDE_SOURCE;
				MTL_FAST_MATH = YES;
				ONLY_ACTIVE_ARCH = YES;
				SDKROOT = iphoneos;
				SWIFT_ACTIVE_COMPILATION_CONDITIONS = DEBUG;
				SWIFT_OPTIMIZATION_LEVEL = "-Onone";
			};
			name = Debug;
		};
		A7A79D312A4A132A002FC0F9 /* Release */ = {
			isa = XCBuildConfiguration;
			buildSettings = {
				ALWAYS_SEARCH_USER_PATHS = NO;
				CLANG_ANALYZER_NONNULL = YES;
				CLANG_ANALYZER_NUMBER_OBJECT_CONVERSION = YES_AGGRESSIVE;
				CLANG_CXX_LANGUAGE_STANDARD = "gnu++20";
				CLANG_ENABLE_MODULES = YES;
				CLANG_ENABLE_OBJC_ARC = YES;
				CLANG_ENABLE_OBJC_WEAK = YES;
				CLANG_WARN_BLOCK_CAPTURE_AUTORELEASING = YES;
				CLANG_WARN_BOOL_CONVERSION = YES;
				CLANG_WARN_COMMA = YES;
				CLANG_WARN_CONSTANT_CONVERSION = YES;
				CLANG_WARN_DEPRECATED_OBJC_IMPLEMENTATIONS = YES;
				CLANG_WARN_DIRECT_OBJC_ISA_USAGE = YES_ERROR;
				CLANG_WARN_DOCUMENTATION_COMMENTS = YES;
				CLANG_WARN_EMPTY_BODY = YES;
				CLANG_WARN_ENUM_CONVERSION = YES;
				CLANG_WARN_INFINITE_RECURSION = YES;
				CLANG_WARN_INT_CONVERSION = YES;
				CLANG_WARN_NON_LITERAL_NULL_CONVERSION = YES;
				CLANG_WARN_OBJC_IMPLICIT_RETAIN_SELF = YES;
				CLANG_WARN_OBJC_LITERAL_CONVERSION = YES;
				CLANG_WARN_OBJC_ROOT_CLASS = YES_ERROR;
				CLANG_WARN_QUOTED_INCLUDE_IN_FRAMEWORK_HEADER = YES;
				CLANG_WARN_RANGE_LOOP_ANALYSIS = YES;
				CLANG_WARN_STRICT_PROTOTYPES = YES;
				CLANG_WARN_SUSPICIOUS_MOVE = YES;
				CLANG_WARN_UNGUARDED_AVAILABILITY = YES_AGGRESSIVE;
				CLANG_WARN_UNREACHABLE_CODE = YES;
				CLANG_WARN__DUPLICATE_METHOD_MATCH = YES;
				COPY_PHASE_STRIP = NO;
				DEBUG_INFORMATION_FORMAT = "dwarf-with-dsym";
				ENABLE_NS_ASSERTIONS = NO;
				ENABLE_STRICT_OBJC_MSGSEND = YES;
				GCC_C_LANGUAGE_STANDARD = gnu11;
				GCC_NO_COMMON_BLOCKS = YES;
				GCC_WARN_64_TO_32_BIT_CONVERSION = YES;
				GCC_WARN_ABOUT_RETURN_TYPE = YES_ERROR;
				GCC_WARN_UNDECLARED_SELECTOR = YES;
				GCC_WARN_UNINITIALIZED_AUTOS = YES_AGGRESSIVE;
				GCC_WARN_UNUSED_FUNCTION = YES;
				GCC_WARN_UNUSED_VARIABLE = YES;
				IPHONEOS_DEPLOYMENT_TARGET = 16.4;
				MTL_ENABLE_DEBUG_INFO = NO;
				MTL_FAST_MATH = YES;
				SDKROOT = iphoneos;
				SWIFT_COMPILATION_MODE = wholemodule;
				SWIFT_OPTIMIZATION_LEVEL = "-O";
				VALIDATE_PRODUCT = YES;
			};
			name = Release;
		};
		A7A79D332A4A132A002FC0F9 /* Debug */ = {
			isa = XCBuildConfiguration;
			buildSettings = {
				ASSETCATALOG_COMPILER_APPICON_NAME = AppIcon;
				ASSETCATALOG_COMPILER_GLOBAL_ACCENT_COLOR_NAME = AccentColor;
				CODE_SIGN_STYLE = Automatic;
				CURRENT_PROJECT_VERSION = 1;
				DEVELOPMENT_ASSET_PATHS = "\"track4me/Preview Content\"";
				DEVELOPMENT_TEAM = 4WUY78VAJ9;
				ENABLE_PREVIEWS = YES;
				GENERATE_INFOPLIST_FILE = YES;
				INFOPLIST_FILE = track4me/Info.plist;
				INFOPLIST_KEY_UIApplicationSceneManifest_Generation = YES;
				INFOPLIST_KEY_UIApplicationSupportsIndirectInputEvents = YES;
				INFOPLIST_KEY_UILaunchScreen_Generation = YES;
				INFOPLIST_KEY_UISupportedInterfaceOrientations_iPad = "UIInterfaceOrientationPortrait UIInterfaceOrientationPortraitUpsideDown UIInterfaceOrientationLandscapeLeft UIInterfaceOrientationLandscapeRight";
				INFOPLIST_KEY_UISupportedInterfaceOrientations_iPhone = "UIInterfaceOrientationPortrait UIInterfaceOrientationLandscapeLeft UIInterfaceOrientationLandscapeRight";
				LD_RUNPATH_SEARCH_PATHS = (
					"$(inherited)",
					"@executable_path/Frameworks",
				);
				MARKETING_VERSION = 1.0;
				PRODUCT_BUNDLE_IDENTIFIER = christina.track4me;
				PRODUCT_NAME = "$(TARGET_NAME)";
				SWIFT_EMIT_LOC_STRINGS = YES;
				SWIFT_VERSION = 5.0;
				TARGETED_DEVICE_FAMILY = "1,2";
			};
			name = Debug;
		};
		A7A79D342A4A132A002FC0F9 /* Release */ = {
			isa = XCBuildConfiguration;
			buildSettings = {
				ASSETCATALOG_COMPILER_APPICON_NAME = AppIcon;
				ASSETCATALOG_COMPILER_GLOBAL_ACCENT_COLOR_NAME = AccentColor;
				CODE_SIGN_STYLE = Automatic;
				CURRENT_PROJECT_VERSION = 1;
				DEVELOPMENT_ASSET_PATHS = "\"track4me/Preview Content\"";
				DEVELOPMENT_TEAM = 4WUY78VAJ9;
				ENABLE_PREVIEWS = YES;
				GENERATE_INFOPLIST_FILE = YES;
				INFOPLIST_FILE = track4me/Info.plist;
				INFOPLIST_KEY_UIApplicationSceneManifest_Generation = YES;
				INFOPLIST_KEY_UIApplicationSupportsIndirectInputEvents = YES;
				INFOPLIST_KEY_UILaunchScreen_Generation = YES;
				INFOPLIST_KEY_UISupportedInterfaceOrientations_iPad = "UIInterfaceOrientationPortrait UIInterfaceOrientationPortraitUpsideDown UIInterfaceOrientationLandscapeLeft UIInterfaceOrientationLandscapeRight";
				INFOPLIST_KEY_UISupportedInterfaceOrientations_iPhone = "UIInterfaceOrientationPortrait UIInterfaceOrientationLandscapeLeft UIInterfaceOrientationLandscapeRight";
				LD_RUNPATH_SEARCH_PATHS = (
					"$(inherited)",
					"@executable_path/Frameworks",
				);
				MARKETING_VERSION = 1.0;
				PRODUCT_BUNDLE_IDENTIFIER = christina.track4me;
				PRODUCT_NAME = "$(TARGET_NAME)";
				SWIFT_EMIT_LOC_STRINGS = YES;
				SWIFT_VERSION = 5.0;
				TARGETED_DEVICE_FAMILY = "1,2";
			};
			name = Release;
		};
		A7A79D362A4A132A002FC0F9 /* Debug */ = {
			isa = XCBuildConfiguration;
			buildSettings = {
				ALWAYS_EMBED_SWIFT_STANDARD_LIBRARIES = YES;
				BUNDLE_LOADER = "$(TEST_HOST)";
				CODE_SIGN_STYLE = Automatic;
				CURRENT_PROJECT_VERSION = 1;
				DEVELOPMENT_TEAM = 4WUY78VAJ9;
				GENERATE_INFOPLIST_FILE = YES;
				IPHONEOS_DEPLOYMENT_TARGET = 16.4;
				MARKETING_VERSION = 1.0;
				PRODUCT_BUNDLE_IDENTIFIER = christina.track4meTests;
				PRODUCT_NAME = "$(TARGET_NAME)";
				SWIFT_EMIT_LOC_STRINGS = NO;
				SWIFT_VERSION = 5.0;
				TARGETED_DEVICE_FAMILY = "1,2";
				TEST_HOST = "$(BUILT_PRODUCTS_DIR)/track4me.app/$(BUNDLE_EXECUTABLE_FOLDER_PATH)/track4me";
			};
			name = Debug;
		};
		A7A79D372A4A132A002FC0F9 /* Release */ = {
			isa = XCBuildConfiguration;
			buildSettings = {
				ALWAYS_EMBED_SWIFT_STANDARD_LIBRARIES = YES;
				BUNDLE_LOADER = "$(TEST_HOST)";
				CODE_SIGN_STYLE = Automatic;
				CURRENT_PROJECT_VERSION = 1;
				DEVELOPMENT_TEAM = 4WUY78VAJ9;
				GENERATE_INFOPLIST_FILE = YES;
				IPHONEOS_DEPLOYMENT_TARGET = 16.4;
				MARKETING_VERSION = 1.0;
				PRODUCT_BUNDLE_IDENTIFIER = christina.track4meTests;
				PRODUCT_NAME = "$(TARGET_NAME)";
				SWIFT_EMIT_LOC_STRINGS = NO;
				SWIFT_VERSION = 5.0;
				TARGETED_DEVICE_FAMILY = "1,2";
				TEST_HOST = "$(BUILT_PRODUCTS_DIR)/track4me.app/$(BUNDLE_EXECUTABLE_FOLDER_PATH)/track4me";
			};
			name = Release;
		};
		A7A79D392A4A132A002FC0F9 /* Debug */ = {
			isa = XCBuildConfiguration;
			buildSettings = {
				ALWAYS_EMBED_SWIFT_STANDARD_LIBRARIES = YES;
				CODE_SIGN_STYLE = Automatic;
				CURRENT_PROJECT_VERSION = 1;
				DEVELOPMENT_TEAM = 4WUY78VAJ9;
				GENERATE_INFOPLIST_FILE = YES;
				MARKETING_VERSION = 1.0;
				PRODUCT_BUNDLE_IDENTIFIER = christina.track4meUITests;
				PRODUCT_NAME = "$(TARGET_NAME)";
				SWIFT_EMIT_LOC_STRINGS = NO;
				SWIFT_VERSION = 5.0;
				TARGETED_DEVICE_FAMILY = "1,2";
				TEST_TARGET_NAME = track4me;
			};
			name = Debug;
		};
		A7A79D3A2A4A132A002FC0F9 /* Release */ = {
			isa = XCBuildConfiguration;
			buildSettings = {
				ALWAYS_EMBED_SWIFT_STANDARD_LIBRARIES = YES;
				CODE_SIGN_STYLE = Automatic;
				CURRENT_PROJECT_VERSION = 1;
				DEVELOPMENT_TEAM = 4WUY78VAJ9;
				GENERATE_INFOPLIST_FILE = YES;
				MARKETING_VERSION = 1.0;
				PRODUCT_BUNDLE_IDENTIFIER = christina.track4meUITests;
				PRODUCT_NAME = "$(TARGET_NAME)";
				SWIFT_EMIT_LOC_STRINGS = NO;
				SWIFT_VERSION = 5.0;
				TARGETED_DEVICE_FAMILY = "1,2";
				TEST_TARGET_NAME = track4me;
			};
			name = Release;
		};
/* End XCBuildConfiguration section */

/* Begin XCConfigurationList section */
		A7A79D092A4A1329002FC0F9 /* Build configuration list for PBXProject "track4me" */ = {
			isa = XCConfigurationList;
			buildConfigurations = (
				A7A79D302A4A132A002FC0F9 /* Debug */,
				A7A79D312A4A132A002FC0F9 /* Release */,
			);
			defaultConfigurationIsVisible = 0;
			defaultConfigurationName = Release;
		};
		A7A79D322A4A132A002FC0F9 /* Build configuration list for PBXNativeTarget "track4me" */ = {
			isa = XCConfigurationList;
			buildConfigurations = (
				A7A79D332A4A132A002FC0F9 /* Debug */,
				A7A79D342A4A132A002FC0F9 /* Release */,
			);
			defaultConfigurationIsVisible = 0;
			defaultConfigurationName = Release;
		};
		A7A79D352A4A132A002FC0F9 /* Build configuration list for PBXNativeTarget "track4meTests" */ = {
			isa = XCConfigurationList;
			buildConfigurations = (
				A7A79D362A4A132A002FC0F9 /* Debug */,
				A7A79D372A4A132A002FC0F9 /* Release */,
			);
			defaultConfigurationIsVisible = 0;
			defaultConfigurationName = Release;
		};
		A7A79D382A4A132A002FC0F9 /* Build configuration list for PBXNativeTarget "track4meUITests" */ = {
			isa = XCConfigurationList;
			buildConfigurations = (
				A7A79D392A4A132A002FC0F9 /* Debug */,
				A7A79D3A2A4A132A002FC0F9 /* Release */,
			);
			defaultConfigurationIsVisible = 0;
			defaultConfigurationName = Release;
		};
/* End XCConfigurationList section */
	};
	rootObject = A7A79D062A4A1329002FC0F9 /* Project object */;
}
